{
  "object": {
    "pins": [
      {
        "package": "LapseCameraEffectPackage",
        "repositoryURL": "https://github.com/nthstate/lapsecameraeffectpackage",
        "state": {
          "branch": "main",
          "revision": "1f5830de4b6c3c384c8e46fe72ec63921191ef12",
          "version": null
        }
      }
    ]
  },
  "version": 1
}
