{
  "object": {
    "pins": [
      {
        "package": "LapseCameraEffectPackage",
        "repositoryURL": "https://github.com/nthstate/lapsecameraeffectpackage",
        "state": {
          "branch": "main",
          "revision": "9ec617bb32a19a9727e005709a3ba754b894942c",
          "version": null
        }
      }
    ]
  },
  "version": 1
}
